
Microsoft Visual Studio Solution File, Format Version 12.00
# Visual Studio Version 16
VisualStudioVersion = 16.0.30204.135
MinimumVisualStudioVersion = 15.0.26124.0
Project("{2150E333-8FDC-42A3-9474-1A3956D46DE8}") = "src", "src", "{F0F4A9F8-D407-4776-AD67-7F7007F70F5B}"
EndProject
Project("{9A19103F-16F7-4668-BE54-9A1E7A4F7556}") = "FooDesk.Admin", "src\FooDesk.Admin\FooDesk.Admin.csproj", "{A56B0E06-CB0A-49F0-944D-BC02F9A94004}"
EndProject
Project("{9A19103F-16F7-4668-BE54-9A1E7A4F7556}") = "FooDesk.STS.Identity", "src\FooDesk.STS.Identity\FooDesk.STS.Identity.csproj", "{FC49F91B-D6C3-47C8-83D9-B897748233AC}"
EndProject
Project("{9A19103F-16F7-4668-BE54-9A1E7A4F7556}") = "FooDesk.Admin.Api", "src\FooDesk.Admin.Api\FooDesk.Admin.Api.csproj", "{89E5BC23-CECB-4E33-A9CA-7AD282BF7328}"
EndProject
Project("{9A19103F-16F7-4668-BE54-9A1E7A4F7556}") = "FooDesk.Admin.EntityFramework.Shared", "src\FooDesk.Admin.EntityFramework.Shared\FooDesk.Admin.EntityFramework.Shared.csproj", "{2F4CF90A-F923-4C42-9A92-892B56920BF3}"
EndProject
Project("{9A19103F-16F7-4668-BE54-9A1E7A4F7556}") = "FooDesk.Admin.EntityFramework.MySql", "src\FooDesk.Admin.EntityFramework.MySql\FooDesk.Admin.EntityFramework.MySql.csproj", "{331B24A5-A99A-401B-AD41-8F3DA2548E5D}"
EndProject
Project("{9A19103F-16F7-4668-BE54-9A1E7A4F7556}") = "FooDesk.Admin.EntityFramework.PostgreSQL", "src\FooDesk.Admin.EntityFramework.PostgreSQL\FooDesk.Admin.EntityFramework.PostgreSQL.csproj", "{5E646028-EE0D-4574-834B-499FEFA89AF0}"
EndProject
Project("{9A19103F-16F7-4668-BE54-9A1E7A4F7556}") = "FooDesk.Admin.EntityFramework.SqlServer", "src\FooDesk.Admin.EntityFramework.SqlServer\FooDesk.Admin.EntityFramework.SqlServer.csproj", "{B35E799E-659D-46F4-80F5-78D008F57C63}"
EndProject
Project("{2150E333-8FDC-42A3-9474-1A3956D46DE8}") = "FooDesk", "FooDesk", "{38D6FE55-0A09-448B-B3A9-71EF808034FC}"
EndProject
Project("{9A19103F-16F7-4668-BE54-9A1E7A4F7556}") = "FooDesk.API", "FooDesk.API\FooDesk.API.csproj", "{68C110D1-999D-4AF9-B998-6AC7C47C742D}"
EndProject
Project("{9A19103F-16F7-4668-BE54-9A1E7A4F7556}") = "FooDesk.Data", "FooDesk.Data\FooDesk.Data.csproj", "{503A8E03-1C57-440C-B70D-5E01A3702327}"
EndProject
Project("{9A19103F-16F7-4668-BE54-9A1E7A4F7556}") = "FooDesk.Core", "FooDesk.Core\FooDesk.Core.csproj", "{07BD0405-1192-4809-82D4-6295F6345F83}"
EndProject
Project("{9A19103F-16F7-4668-BE54-9A1E7A4F7556}") = "FooDesk.WASM", "FooDesk.WASM\FooDesk.WASM.csproj", "{42F62C7F-F47B-4F49-84D6-3841185D0E48}"
EndProject
Global
	GlobalSection(SolutionConfigurationPlatforms) = preSolution
		Debug|Any CPU = Debug|Any CPU
		Debug|x64 = Debug|x64
		Debug|x86 = Debug|x86
		Release|Any CPU = Release|Any CPU
		Release|x64 = Release|x64
		Release|x86 = Release|x86
	EndGlobalSection
	GlobalSection(ProjectConfigurationPlatforms) = postSolution
		{A56B0E06-CB0A-49F0-944D-BC02F9A94004}.Debug|Any CPU.ActiveCfg = Debug|Any CPU
		{A56B0E06-CB0A-49F0-944D-BC02F9A94004}.Debug|Any CPU.Build.0 = Debug|Any CPU
		{A56B0E06-CB0A-49F0-944D-BC02F9A94004}.Debug|x64.ActiveCfg = Debug|Any CPU
		{A56B0E06-CB0A-49F0-944D-BC02F9A94004}.Debug|x64.Build.0 = Debug|Any CPU
		{A56B0E06-CB0A-49F0-944D-BC02F9A94004}.Debug|x86.ActiveCfg = Debug|Any CPU
		{A56B0E06-CB0A-49F0-944D-BC02F9A94004}.Debug|x86.Build.0 = Debug|Any CPU
		{A56B0E06-CB0A-49F0-944D-BC02F9A94004}.Release|Any CPU.ActiveCfg = Release|Any CPU
		{A56B0E06-CB0A-49F0-944D-BC02F9A94004}.Release|Any CPU.Build.0 = Release|Any CPU
		{A56B0E06-CB0A-49F0-944D-BC02F9A94004}.Release|x64.ActiveCfg = Release|Any CPU
		{A56B0E06-CB0A-49F0-944D-BC02F9A94004}.Release|x64.Build.0 = Release|Any CPU
		{A56B0E06-CB0A-49F0-944D-BC02F9A94004}.Release|x86.ActiveCfg = Release|Any CPU
		{A56B0E06-CB0A-49F0-944D-BC02F9A94004}.Release|x86.Build.0 = Release|Any CPU
		{FC49F91B-D6C3-47C8-83D9-B897748233AC}.Debug|Any CPU.ActiveCfg = Debug|Any CPU
		{FC49F91B-D6C3-47C8-83D9-B897748233AC}.Debug|Any CPU.Build.0 = Debug|Any CPU
		{FC49F91B-D6C3-47C8-83D9-B897748233AC}.Debug|x64.ActiveCfg = Debug|Any CPU
		{FC49F91B-D6C3-47C8-83D9-B897748233AC}.Debug|x64.Build.0 = Debug|Any CPU
		{FC49F91B-D6C3-47C8-83D9-B897748233AC}.Debug|x86.ActiveCfg = Debug|Any CPU
		{FC49F91B-D6C3-47C8-83D9-B897748233AC}.Debug|x86.Build.0 = Debug|Any CPU
		{FC49F91B-D6C3-47C8-83D9-B897748233AC}.Release|Any CPU.ActiveCfg = Release|Any CPU
		{FC49F91B-D6C3-47C8-83D9-B897748233AC}.Release|Any CPU.Build.0 = Release|Any CPU
		{FC49F91B-D6C3-47C8-83D9-B897748233AC}.Release|x64.ActiveCfg = Release|Any CPU
		{FC49F91B-D6C3-47C8-83D9-B897748233AC}.Release|x64.Build.0 = Release|Any CPU
		{FC49F91B-D6C3-47C8-83D9-B897748233AC}.Release|x86.ActiveCfg = Release|Any CPU
		{FC49F91B-D6C3-47C8-83D9-B897748233AC}.Release|x86.Build.0 = Release|Any CPU
		{89E5BC23-CECB-4E33-A9CA-7AD282BF7328}.Debug|Any CPU.ActiveCfg = Debug|Any CPU
		{89E5BC23-CECB-4E33-A9CA-7AD282BF7328}.Debug|Any CPU.Build.0 = Debug|Any CPU
		{89E5BC23-CECB-4E33-A9CA-7AD282BF7328}.Debug|x64.ActiveCfg = Debug|Any CPU
		{89E5BC23-CECB-4E33-A9CA-7AD282BF7328}.Debug|x64.Build.0 = Debug|Any CPU
		{89E5BC23-CECB-4E33-A9CA-7AD282BF7328}.Debug|x86.ActiveCfg = Debug|Any CPU
		{89E5BC23-CECB-4E33-A9CA-7AD282BF7328}.Debug|x86.Build.0 = Debug|Any CPU
		{89E5BC23-CECB-4E33-A9CA-7AD282BF7328}.Release|Any CPU.ActiveCfg = Release|Any CPU
		{89E5BC23-CECB-4E33-A9CA-7AD282BF7328}.Release|Any CPU.Build.0 = Release|Any CPU
		{89E5BC23-CECB-4E33-A9CA-7AD282BF7328}.Release|x64.ActiveCfg = Release|Any CPU
		{89E5BC23-CECB-4E33-A9CA-7AD282BF7328}.Release|x64.Build.0 = Release|Any CPU
		{89E5BC23-CECB-4E33-A9CA-7AD282BF7328}.Release|x86.ActiveCfg = Release|Any CPU
		{89E5BC23-CECB-4E33-A9CA-7AD282BF7328}.Release|x86.Build.0 = Release|Any CPU
		{2F4CF90A-F923-4C42-9A92-892B56920BF3}.Debug|Any CPU.ActiveCfg = Debug|Any CPU
		{2F4CF90A-F923-4C42-9A92-892B56920BF3}.Debug|Any CPU.Build.0 = Debug|Any CPU
		{2F4CF90A-F923-4C42-9A92-892B56920BF3}.Debug|x64.ActiveCfg = Debug|Any CPU
		{2F4CF90A-F923-4C42-9A92-892B56920BF3}.Debug|x64.Build.0 = Debug|Any CPU
		{2F4CF90A-F923-4C42-9A92-892B56920BF3}.Debug|x86.ActiveCfg = Debug|Any CPU
		{2F4CF90A-F923-4C42-9A92-892B56920BF3}.Debug|x86.Build.0 = Debug|Any CPU
		{2F4CF90A-F923-4C42-9A92-892B56920BF3}.Release|Any CPU.ActiveCfg = Release|Any CPU
		{2F4CF90A-F923-4C42-9A92-892B56920BF3}.Release|Any CPU.Build.0 = Release|Any CPU
		{2F4CF90A-F923-4C42-9A92-892B56920BF3}.Release|x64.ActiveCfg = Release|Any CPU
		{2F4CF90A-F923-4C42-9A92-892B56920BF3}.Release|x64.Build.0 = Release|Any CPU
		{2F4CF90A-F923-4C42-9A92-892B56920BF3}.Release|x86.ActiveCfg = Release|Any CPU
		{2F4CF90A-F923-4C42-9A92-892B56920BF3}.Release|x86.Build.0 = Release|Any CPU
		{331B24A5-A99A-401B-AD41-8F3DA2548E5D}.Debug|Any CPU.ActiveCfg = Debug|Any CPU
		{331B24A5-A99A-401B-AD41-8F3DA2548E5D}.Debug|Any CPU.Build.0 = Debug|Any CPU
		{331B24A5-A99A-401B-AD41-8F3DA2548E5D}.Debug|x64.ActiveCfg = Debug|Any CPU
		{331B24A5-A99A-401B-AD41-8F3DA2548E5D}.Debug|x64.Build.0 = Debug|Any CPU
		{331B24A5-A99A-401B-AD41-8F3DA2548E5D}.Debug|x86.ActiveCfg = Debug|Any CPU
		{331B24A5-A99A-401B-AD41-8F3DA2548E5D}.Debug|x86.Build.0 = Debug|Any CPU
		{331B24A5-A99A-401B-AD41-8F3DA2548E5D}.Release|Any CPU.ActiveCfg = Release|Any CPU
		{331B24A5-A99A-401B-AD41-8F3DA2548E5D}.Release|Any CPU.Build.0 = Release|Any CPU
		{331B24A5-A99A-401B-AD41-8F3DA2548E5D}.Release|x64.ActiveCfg = Release|Any CPU
		{331B24A5-A99A-401B-AD41-8F3DA2548E5D}.Release|x64.Build.0 = Release|Any CPU
		{331B24A5-A99A-401B-AD41-8F3DA2548E5D}.Release|x86.ActiveCfg = Release|Any CPU
		{331B24A5-A99A-401B-AD41-8F3DA2548E5D}.Release|x86.Build.0 = Release|Any CPU
		{5E646028-EE0D-4574-834B-499FEFA89AF0}.Debug|Any CPU.ActiveCfg = Debug|Any CPU
		{5E646028-EE0D-4574-834B-499FEFA89AF0}.Debug|Any CPU.Build.0 = Debug|Any CPU
		{5E646028-EE0D-4574-834B-499FEFA89AF0}.Debug|x64.ActiveCfg = Debug|Any CPU
		{5E646028-EE0D-4574-834B-499FEFA89AF0}.Debug|x64.Build.0 = Debug|Any CPU
		{5E646028-EE0D-4574-834B-499FEFA89AF0}.Debug|x86.ActiveCfg = Debug|Any CPU
		{5E646028-EE0D-4574-834B-499FEFA89AF0}.Debug|x86.Build.0 = Debug|Any CPU
		{5E646028-EE0D-4574-834B-499FEFA89AF0}.Release|Any CPU.ActiveCfg = Release|Any CPU
		{5E646028-EE0D-4574-834B-499FEFA89AF0}.Release|Any CPU.Build.0 = Release|Any CPU
		{5E646028-EE0D-4574-834B-499FEFA89AF0}.Release|x64.ActiveCfg = Release|Any CPU
		{5E646028-EE0D-4574-834B-499FEFA89AF0}.Release|x64.Build.0 = Release|Any CPU
		{5E646028-EE0D-4574-834B-499FEFA89AF0}.Release|x86.ActiveCfg = Release|Any CPU
		{5E646028-EE0D-4574-834B-499FEFA89AF0}.Release|x86.Build.0 = Release|Any CPU
		{B35E799E-659D-46F4-80F5-78D008F57C63}.Debug|Any CPU.ActiveCfg = Debug|Any CPU
		{B35E799E-659D-46F4-80F5-78D008F57C63}.Debug|Any CPU.Build.0 = Debug|Any CPU
		{B35E799E-659D-46F4-80F5-78D008F57C63}.Debug|x64.ActiveCfg = Debug|Any CPU
		{B35E799E-659D-46F4-80F5-78D008F57C63}.Debug|x64.Build.0 = Debug|Any CPU
		{B35E799E-659D-46F4-80F5-78D008F57C63}.Debug|x86.ActiveCfg = Debug|Any CPU
		{B35E799E-659D-46F4-80F5-78D008F57C63}.Debug|x86.Build.0 = Debug|Any CPU
		{B35E799E-659D-46F4-80F5-78D008F57C63}.Release|Any CPU.ActiveCfg = Release|Any CPU
		{B35E799E-659D-46F4-80F5-78D008F57C63}.Release|Any CPU.Build.0 = Release|Any CPU
		{B35E799E-659D-46F4-80F5-78D008F57C63}.Release|x64.ActiveCfg = Release|Any CPU
		{B35E799E-659D-46F4-80F5-78D008F57C63}.Release|x64.Build.0 = Release|Any CPU
		{B35E799E-659D-46F4-80F5-78D008F57C63}.Release|x86.ActiveCfg = Release|Any CPU
		{B35E799E-659D-46F4-80F5-78D008F57C63}.Release|x86.Build.0 = Release|Any CPU
		{68C110D1-999D-4AF9-B998-6AC7C47C742D}.Debug|Any CPU.ActiveCfg = Debug|Any CPU
		{68C110D1-999D-4AF9-B998-6AC7C47C742D}.Debug|Any CPU.Build.0 = Debug|Any CPU
		{68C110D1-999D-4AF9-B998-6AC7C47C742D}.Debug|x64.ActiveCfg = Debug|Any CPU
		{68C110D1-999D-4AF9-B998-6AC7C47C742D}.Debug|x64.Build.0 = Debug|Any CPU
		{68C110D1-999D-4AF9-B998-6AC7C47C742D}.Debug|x86.ActiveCfg = Debug|Any CPU
		{68C110D1-999D-4AF9-B998-6AC7C47C742D}.Debug|x86.Build.0 = Debug|Any CPU
		{68C110D1-999D-4AF9-B998-6AC7C47C742D}.Release|Any CPU.ActiveCfg = Release|Any CPU
		{68C110D1-999D-4AF9-B998-6AC7C47C742D}.Release|Any CPU.Build.0 = Release|Any CPU
		{68C110D1-999D-4AF9-B998-6AC7C47C742D}.Release|x64.ActiveCfg = Release|Any CPU
		{68C110D1-999D-4AF9-B998-6AC7C47C742D}.Release|x64.Build.0 = Release|Any CPU
		{68C110D1-999D-4AF9-B998-6AC7C47C742D}.Release|x86.ActiveCfg = Release|Any CPU
		{68C110D1-999D-4AF9-B998-6AC7C47C742D}.Release|x86.Build.0 = Release|Any CPU
		{503A8E03-1C57-440C-B70D-5E01A3702327}.Debug|Any CPU.ActiveCfg = Debug|Any CPU
		{503A8E03-1C57-440C-B70D-5E01A3702327}.Debug|Any CPU.Build.0 = Debug|Any CPU
		{503A8E03-1C57-440C-B70D-5E01A3702327}.Debug|x64.ActiveCfg = Debug|Any CPU
		{503A8E03-1C57-440C-B70D-5E01A3702327}.Debug|x64.Build.0 = Debug|Any CPU
		{503A8E03-1C57-440C-B70D-5E01A3702327}.Debug|x86.ActiveCfg = Debug|Any CPU
		{503A8E03-1C57-440C-B70D-5E01A3702327}.Debug|x86.Build.0 = Debug|Any CPU
		{503A8E03-1C57-440C-B70D-5E01A3702327}.Release|Any CPU.ActiveCfg = Release|Any CPU
		{503A8E03-1C57-440C-B70D-5E01A3702327}.Release|Any CPU.Build.0 = Release|Any CPU
		{503A8E03-1C57-440C-B70D-5E01A3702327}.Release|x64.ActiveCfg = Release|Any CPU
		{503A8E03-1C57-440C-B70D-5E01A3702327}.Release|x64.Build.0 = Release|Any CPU
		{503A8E03-1C57-440C-B70D-5E01A3702327}.Release|x86.ActiveCfg = Release|Any CPU
		{503A8E03-1C57-440C-B70D-5E01A3702327}.Release|x86.Build.0 = Release|Any CPU
		{07BD0405-1192-4809-82D4-6295F6345F83}.Debug|Any CPU.ActiveCfg = Debug|Any CPU
		{07BD0405-1192-4809-82D4-6295F6345F83}.Debug|Any CPU.Build.0 = Debug|Any CPU
		{07BD0405-1192-4809-82D4-6295F6345F83}.Debug|x64.ActiveCfg = Debug|Any CPU
		{07BD0405-1192-4809-82D4-6295F6345F83}.Debug|x64.Build.0 = Debug|Any CPU
		{07BD0405-1192-4809-82D4-6295F6345F83}.Debug|x86.ActiveCfg = Debug|Any CPU
		{07BD0405-1192-4809-82D4-6295F6345F83}.Debug|x86.Build.0 = Debug|Any CPU
		{07BD0405-1192-4809-82D4-6295F6345F83}.Release|Any CPU.ActiveCfg = Release|Any CPU
		{07BD0405-1192-4809-82D4-6295F6345F83}.Release|Any CPU.Build.0 = Release|Any CPU
		{07BD0405-1192-4809-82D4-6295F6345F83}.Release|x64.ActiveCfg = Release|Any CPU
		{07BD0405-1192-4809-82D4-6295F6345F83}.Release|x64.Build.0 = Release|Any CPU
		{07BD0405-1192-4809-82D4-6295F6345F83}.Release|x86.ActiveCfg = Release|Any CPU
		{07BD0405-1192-4809-82D4-6295F6345F83}.Release|x86.Build.0 = Release|Any CPU
		{42F62C7F-F47B-4F49-84D6-3841185D0E48}.Debug|Any CPU.ActiveCfg = Debug|Any CPU
		{42F62C7F-F47B-4F49-84D6-3841185D0E48}.Debug|Any CPU.Build.0 = Debug|Any CPU
		{42F62C7F-F47B-4F49-84D6-3841185D0E48}.Debug|x64.ActiveCfg = Debug|Any CPU
		{42F62C7F-F47B-4F49-84D6-3841185D0E48}.Debug|x64.Build.0 = Debug|Any CPU
		{42F62C7F-F47B-4F49-84D6-3841185D0E48}.Debug|x86.ActiveCfg = Debug|Any CPU
		{42F62C7F-F47B-4F49-84D6-3841185D0E48}.Debug|x86.Build.0 = Debug|Any CPU
		{42F62C7F-F47B-4F49-84D6-3841185D0E48}.Release|Any CPU.ActiveCfg = Release|Any CPU
		{42F62C7F-F47B-4F49-84D6-3841185D0E48}.Release|Any CPU.Build.0 = Release|Any CPU
		{42F62C7F-F47B-4F49-84D6-3841185D0E48}.Release|x64.ActiveCfg = Release|Any CPU
		{42F62C7F-F47B-4F49-84D6-3841185D0E48}.Release|x64.Build.0 = Release|Any CPU
		{42F62C7F-F47B-4F49-84D6-3841185D0E48}.Release|x86.ActiveCfg = Release|Any CPU
		{42F62C7F-F47B-4F49-84D6-3841185D0E48}.Release|x86.Build.0 = Release|Any CPU
	EndGlobalSection
	GlobalSection(SolutionProperties) = preSolution
		HideSolutionNode = FALSE
	EndGlobalSection
	GlobalSection(NestedProjects) = preSolution
		{A56B0E06-CB0A-49F0-944D-BC02F9A94004} = {F0F4A9F8-D407-4776-AD67-7F7007F70F5B}
		{FC49F91B-D6C3-47C8-83D9-B897748233AC} = {F0F4A9F8-D407-4776-AD67-7F7007F70F5B}
		{89E5BC23-CECB-4E33-A9CA-7AD282BF7328} = {F0F4A9F8-D407-4776-AD67-7F7007F70F5B}
		{2F4CF90A-F923-4C42-9A92-892B56920BF3} = {F0F4A9F8-D407-4776-AD67-7F7007F70F5B}
		{331B24A5-A99A-401B-AD41-8F3DA2548E5D} = {F0F4A9F8-D407-4776-AD67-7F7007F70F5B}
		{5E646028-EE0D-4574-834B-499FEFA89AF0} = {F0F4A9F8-D407-4776-AD67-7F7007F70F5B}
		{B35E799E-659D-46F4-80F5-78D008F57C63} = {F0F4A9F8-D407-4776-AD67-7F7007F70F5B}
		{68C110D1-999D-4AF9-B998-6AC7C47C742D} = {38D6FE55-0A09-448B-B3A9-71EF808034FC}
		{503A8E03-1C57-440C-B70D-5E01A3702327} = {38D6FE55-0A09-448B-B3A9-71EF808034FC}
		{07BD0405-1192-4809-82D4-6295F6345F83} = {38D6FE55-0A09-448B-B3A9-71EF808034FC}
		{42F62C7F-F47B-4F49-84D6-3841185D0E48} = {38D6FE55-0A09-448B-B3A9-71EF808034FC}
	EndGlobalSection
	GlobalSection(ExtensibilityGlobals) = postSolution
		SolutionGuid = {97F3996D-65D0-44A1-810C-6AD64A407C94}
	EndGlobalSection
EndGlobal
